
Microsoft Visual Studio Solution File, Format Version 12.00
# Visual Studio Version 16
VisualStudioVersion = 16.0.31729.503
MinimumVisualStudioVersion = 10.0.40219.1
Project("{FAE04EC0-301F-11D3-BF4B-00C04F79EFBC}") = "Observer", "Observer\Observer.csproj", "{FFC36990-7229-472F-B96A-B73C2426991E}"
EndProject
Global
	GlobalSection(SolutionConfigurationPlatforms) = preSolution
		Debug|Any CPU = Debug|Any CPU
		Release|Any CPU = Release|Any CPU
	EndGlobalSection
	GlobalSection(ProjectConfigurationPlatforms) = postSolution
		{FFC36990-7229-472F-B96A-B73C2426991E}.Debug|Any CPU.ActiveCfg = Debug|Any CPU
		{FFC36990-7229-472F-B96A-B73C2426991E}.Debug|Any CPU.Build.0 = Debug|Any CPU
		{FFC36990-7229-472F-B96A-B73C2426991E}.Release|Any CPU.ActiveCfg = Release|Any CPU
		{FFC36990-7229-472F-B96A-B73C2426991E}.Release|Any CPU.Build.0 = Release|Any CPU
	EndGlobalSection
	GlobalSection(SolutionProperties) = preSolution
		HideSolutionNode = FALSE
	EndGlobalSection
	GlobalSection(ExtensibilityGlobals) = postSolution
		SolutionGuid = {206FFA0D-559F-4EE7-8732-63C17BD9D0A9}
	EndGlobalSection
EndGlobal
